
Microsoft Visual Studio Solution File, Format Version 12.00
# Visual Studio 15
VisualStudioVersion = 15.0.27428.2037
MinimumVisualStudioVersion = 10.0.40219.1
Project("{FAE04EC0-301F-11D3-BF4B-00C04F79EFBC}") = "MvcWebApp", "MvcWebApp\MvcWebApp.csproj", "{F5969473-3352-44EB-BA1E-5C9B2E29C33B}"
EndProject
Global
	GlobalSection(SolutionConfigurationPlatforms) = preSolution
		Debug|Any CPU = Debug|Any CPU
		Release|Any CPU = Release|Any CPU
	EndGlobalSection
	GlobalSection(ProjectConfigurationPlatforms) = postSolution
		{F5969473-3352-44EB-BA1E-5C9B2E29C33B}.Debug|Any CPU.ActiveCfg = Debug|Any CPU
		{F5969473-3352-44EB-BA1E-5C9B2E29C33B}.Debug|Any CPU.Build.0 = Debug|Any CPU
		{F5969473-3352-44EB-BA1E-5C9B2E29C33B}.Release|Any CPU.ActiveCfg = Release|Any CPU
		{F5969473-3352-44EB-BA1E-5C9B2E29C33B}.Release|Any CPU.Build.0 = Release|Any CPU
	EndGlobalSection
	GlobalSection(SolutionProperties) = preSolution
		HideSolutionNode = FALSE
	EndGlobalSection
	GlobalSection(ExtensibilityGlobals) = postSolution
		SolutionGuid = {B01CC0A5-C9F3-4673-BA5E-54B2AC2301C0}
	EndGlobalSection
EndGlobal
